
Microsoft Visual Studio Solution File, Format Version 12.00
# Visual Studio 2012
Project("{FAE04EC0-301F-11D3-BF4B-00C04F79EFBC}") = "Changer2", "Changer2.csproj", "{4753FF24-B7DF-4234-BDC6-48D55B822C30}"
EndProject
Global
	GlobalSection(SolutionConfigurationPlatforms) = preSolution
		Debug|Any CPU = Debug|Any CPU
		Release|Any CPU = Release|Any CPU
	EndGlobalSection
	GlobalSection(ProjectConfigurationPlatforms) = postSolution
		{4753FF24-B7DF-4234-BDC6-48D55B822C30}.Debug|Any CPU.ActiveCfg = Debug|Any CPU
		{4753FF24-B7DF-4234-BDC6-48D55B822C30}.Debug|Any CPU.Build.0 = Debug|Any CPU
		{4753FF24-B7DF-4234-BDC6-48D55B822C30}.Release|Any CPU.ActiveCfg = Release|Any CPU
		{4753FF24-B7DF-4234-BDC6-48D55B822C30}.Release|Any CPU.Build.0 = Release|Any CPU
	EndGlobalSection
	GlobalSection(SolutionProperties) = preSolution
		HideSolutionNode = FALSE
	EndGlobalSection
EndGlobal
